// !$*UTF8*$!
{
	archiveVersion = 1;
	classes = {
	};
	objectVersion = 46;
	objects = {

/* Begin PBXBuildFile section */
		53AC18B314AF70DE007D4625 /* UIKit.framework in Frameworks */ = {isa = PBXBuildFile; fileRef = 53AC18B214AF70DE007D4625 /* UIKit.framework */; };
		53AC18B514AF70DE007D4625 /* Foundation.framework in Frameworks */ = {isa = PBXBuildFile; fileRef = 53AC18B414AF70DE007D4625 /* Foundation.framework */; };
		53AC18B714AF70DE007D4625 /* CoreGraphics.framework in Frameworks */ = {isa = PBXBuildFile; fileRef = 53AC18B614AF70DE007D4625 /* CoreGraphics.framework */; };
		53AC18BD14AF70DE007D4625 /* InfoPlist.strings in Resources */ = {isa = PBXBuildFile; fileRef = 53AC18BB14AF70DE007D4625 /* InfoPlist.strings */; };
		53AC18BF14AF70DE007D4625 /* main.m in Sources */ = {isa = PBXBuildFile; fileRef = 53AC18BE14AF70DE007D4625 /* main.m */; };
		53AC18C314AF70DE007D4625 /* AKOMEAppDelegate.m in Sources */ = {isa = PBXBuildFile; fileRef = 53AC18C214AF70DE007D4625 /* AKOMEAppDelegate.m */; };
		53AC18C614AF70DE007D4625 /* MainStoryboard_iPhone.storyboard in Resources */ = {isa = PBXBuildFile; fileRef = 53AC18C414AF70DE007D4625 /* MainStoryboard_iPhone.storyboard */; };
		53AC18C914AF70DE007D4625 /* MainStoryboard_iPad.storyboard in Resources */ = {isa = PBXBuildFile; fileRef = 53AC18C714AF70DE007D4625 /* MainStoryboard_iPad.storyboard */; };
		53AC18CC14AF70DE007D4625 /* AKOMEViewController.m in Sources */ = {isa = PBXBuildFile; fileRef = 53AC18CB14AF70DE007D4625 /* AKOMEViewController.m */; };
		53AC18D414AF70DE007D4625 /* SenTestingKit.framework in Frameworks */ = {isa = PBXBuildFile; fileRef = 53AC18D314AF70DE007D4625 /* SenTestingKit.framework */; };
		53AC18D514AF70DE007D4625 /* UIKit.framework in Frameworks */ = {isa = PBXBuildFile; fileRef = 53AC18B214AF70DE007D4625 /* UIKit.framework */; };
		53AC18D614AF70DE007D4625 /* Foundation.framework in Frameworks */ = {isa = PBXBuildFile; fileRef = 53AC18B414AF70DE007D4625 /* Foundation.framework */; };
		53AC18DE14AF70DE007D4625 /* InfoPlist.strings in Resources */ = {isa = PBXBuildFile; fileRef = 53AC18DC14AF70DE007D4625 /* InfoPlist.strings */; };
		53AC18E114AF70DE007D4625 /* AkeomeAppTests.m in Sources */ = {isa = PBXBuildFile; fileRef = 53AC18E014AF70DE007D4625 /* AkeomeAppTests.m */; };
		53AC18EC14AF7D9F007D4625 /* AKOMEView.m in Sources */ = {isa = PBXBuildFile; fileRef = 53AC18EB14AF7D9F007D4625 /* AKOMEView.m */; };
/* End PBXBuildFile section */

/* Begin PBXContainerItemProxy section */
		53AC18D714AF70DE007D4625 /* PBXContainerItemProxy */ = {
			isa = PBXContainerItemProxy;
			containerPortal = 53AC18A514AF70DE007D4625 /* Project object */;
			proxyType = 1;
			remoteGlobalIDString = 53AC18AD14AF70DE007D4625;
			remoteInfo = AkeomeApp;
		};
/* End PBXContainerItemProxy section */

/* Begin PBXFileReference section */
		53AC18AE14AF70DE007D4625 /* AkeomeApp.app */ = {isa = PBXFileReference; explicitFileType = wrapper.application; includeInIndex = 0; path = AkeomeApp.app; sourceTree = BUILT_PRODUCTS_DIR; };
		53AC18B214AF70DE007D4625 /* UIKit.framework */ = {isa = PBXFileReference; lastKnownFileType = wrapper.framework; name = UIKit.framework; path = System/Library/Frameworks/UIKit.framework; sourceTree = SDKROOT; };
		53AC18B414AF70DE007D4625 /* Foundation.framework */ = {isa = PBXFileReference; lastKnownFileType = wrapper.framework; name = Foundation.framework; path = System/Library/Frameworks/Foundation.framework; sourceTree = SDKROOT; };
		53AC18B614AF70DE007D4625 /* CoreGraphics.framework */ = {isa = PBXFileReference; lastKnownFileType = wrapper.framework; name = CoreGraphics.framework; path = System/Library/Frameworks/CoreGraphics.framework; sourceTree = SDKROOT; };
		53AC18BA14AF70DE007D4625 /* AkeomeApp-Info.plist */ = {isa = PBXFileReference; lastKnownFileType = text.plist.xml; path = "AkeomeApp-Info.plist"; sourceTree = "<group>"; };
		53AC18BC14AF70DE007D4625 /* en */ = {isa = PBXFileReference; lastKnownFileType = text.plist.strings; name = en; path = en.lproj/InfoPlist.strings; sourceTree = "<group>"; };
		53AC18BE14AF70DE007D4625 /* main.m */ = {isa = PBXFileReference; lastKnownFileType = sourcecode.c.objc; path = main.m; sourceTree = "<group>"; };
		53AC18C014AF70DE007D4625 /* AkeomeApp-Prefix.pch */ = {isa = PBXFileReference; lastKnownFileType = sourcecode.c.h; path = "AkeomeApp-Prefix.pch"; sourceTree = "<group>"; };
		53AC18C114AF70DE007D4625 /* AKOMEAppDelegate.h */ = {isa = PBXFileReference; lastKnownFileType = sourcecode.c.h; path = AKOMEAppDelegate.h; sourceTree = "<group>"; };
		53AC18C214AF70DE007D4625 /* AKOMEAppDelegate.m */ = {isa = PBXFileReference; lastKnownFileType = sourcecode.c.objc; path = AKOMEAppDelegate.m; sourceTree = "<group>"; };
		53AC18C514AF70DE007D4625 /* en */ = {isa = PBXFileReference; lastKnownFileType = file.storyboard; name = en; path = en.lproj/MainStoryboard_iPhone.storyboard; sourceTree = "<group>"; };
		53AC18C814AF70DE007D4625 /* en */ = {isa = PBXFileReference; lastKnownFileType = file.storyboard; name = en; path = en.lproj/MainStoryboard_iPad.storyboard; sourceTree = "<group>"; };
		53AC18CA14AF70DE007D4625 /* AKOMEViewController.h */ = {isa = PBXFileReference; lastKnownFileType = sourcecode.c.h; path = AKOMEViewController.h; sourceTree = "<group>"; };
		53AC18CB14AF70DE007D4625 /* AKOMEViewController.m */ = {isa = PBXFileReference; lastKnownFileType = sourcecode.c.objc; path = AKOMEViewController.m; sourceTree = "<group>"; };
		53AC18D214AF70DE007D4625 /* AkeomeAppTests.octest */ = {isa = PBXFileReference; explicitFileType = wrapper.cfbundle; includeInIndex = 0; path = AkeomeAppTests.octest; sourceTree = BUILT_PRODUCTS_DIR; };
		53AC18D314AF70DE007D4625 /* SenTestingKit.framework */ = {isa = PBXFileReference; lastKnownFileType = wrapper.framework; name = SenTestingKit.framework; path = Library/Frameworks/SenTestingKit.framework; sourceTree = DEVELOPER_DIR; };
		53AC18DB14AF70DE007D4625 /* AkeomeAppTests-Info.plist */ = {isa = PBXFileReference; lastKnownFileType = text.plist.xml; path = "AkeomeAppTests-Info.plist"; sourceTree = "<group>"; };
		53AC18DD14AF70DE007D4625 /* en */ = {isa = PBXFileReference; lastKnownFileType = text.plist.strings; name = en; path = en.lproj/InfoPlist.strings; sourceTree = "<group>"; };
		53AC18DF14AF70DE007D4625 /* AkeomeAppTests.h */ = {isa = PBXFileReference; lastKnownFileType = sourcecode.c.h; path = AkeomeAppTests.h; sourceTree = "<group>"; };
		53AC18E014AF70DE007D4625 /* AkeomeAppTests.m */ = {isa = PBXFileReference; lastKnownFileType = sourcecode.c.objc; path = AkeomeAppTests.m; sourceTree = "<group>"; };
		53AC18EA14AF7D9F007D4625 /* AKOMEView.h */ = {isa = PBXFileReference; fileEncoding = 4; lastKnownFileType = sourcecode.c.h; path = AKOMEView.h; sourceTree = "<group>"; };
		53AC18EB14AF7D9F007D4625 /* AKOMEView.m */ = {isa = PBXFileReference; fileEncoding = 4; lastKnownFileType = sourcecode.c.objc; path = AKOMEView.m; sourceTree = "<group>"; };
/* End PBXFileReference section */

/* Begin PBXFrameworksBuildPhase section */
		53AC18AB14AF70DE007D4625 /* Frameworks */ = {
			isa = PBXFrameworksBuildPhase;
			buildActionMask = 2147483647;
			files = (
				53AC18B314AF70DE007D4625 /* UIKit.framework in Frameworks */,
				53AC18B514AF70DE007D4625 /* Foundation.framework in Frameworks */,
				53AC18B714AF70DE007D4625 /* CoreGraphics.framework in Frameworks */,
			);
			runOnlyForDeploymentPostprocessing = 0;
		};
		53AC18CE14AF70DE007D4625 /* Frameworks */ = {
			isa = PBXFrameworksBuildPhase;
			buildActionMask = 2147483647;
			files = (
				53AC18D414AF70DE007D4625 /* SenTestingKit.framework in Frameworks */,
				53AC18D514AF70DE007D4625 /* UIKit.framework in Frameworks */,
				53AC18D614AF70DE007D4625 /* Foundation.framework in Frameworks */,
			);
			runOnlyForDeploymentPostprocessing = 0;
		};
/* End PBXFrameworksBuildPhase section */

/* Begin PBXGroup section */
		53AC18A314AF70DE007D4625 = {
			isa = PBXGroup;
			children = (
				53AC18B814AF70DE007D4625 /* AkeomeApp */,
				53AC18D914AF70DE007D4625 /* AkeomeAppTests */,
				53AC18B114AF70DE007D4625 /* Frameworks */,
				53AC18AF14AF70DE007D4625 /* Products */,
			);
			sourceTree = "<group>";
		};
		53AC18AF14AF70DE007D4625 /* Products */ = {
			isa = PBXGroup;
			children = (
				53AC18AE14AF70DE007D4625 /* AkeomeApp.app */,
				53AC18D214AF70DE007D4625 /* AkeomeAppTests.octest */,
			);
			name = Products;
			sourceTree = "<group>";
		};
		53AC18B114AF70DE007D4625 /* Frameworks */ = {
			isa = PBXGroup;
			children = (
				53AC18B214AF70DE007D4625 /* UIKit.framework */,
				53AC18B414AF70DE007D4625 /* Foundation.framework */,
				53AC18B614AF70DE007D4625 /* CoreGraphics.framework */,
				53AC18D314AF70DE007D4625 /* SenTestingKit.framework */,
			);
			name = Frameworks;
			sourceTree = "<group>";
		};
		53AC18B814AF70DE007D4625 /* AkeomeApp */ = {
			isa = PBXGroup;
			children = (
				53AC18C114AF70DE007D4625 /* AKOMEAppDelegate.h */,
				53AC18C214AF70DE007D4625 /* AKOMEAppDelegate.m */,
				53AC18C414AF70DE007D4625 /* MainStoryboard_iPhone.storyboard */,
				53AC18C714AF70DE007D4625 /* MainStoryboard_iPad.storyboard */,
				53AC18CA14AF70DE007D4625 /* AKOMEViewController.h */,
				53AC18CB14AF70DE007D4625 /* AKOMEViewController.m */,
				53AC18B914AF70DE007D4625 /* Supporting Files */,
				53AC18EA14AF7D9F007D4625 /* AKOMEView.h */,
				53AC18EB14AF7D9F007D4625 /* AKOMEView.m */,
			);
			path = AkeomeApp;
			sourceTree = "<group>";
		};
		53AC18B914AF70DE007D4625 /* Supporting Files */ = {
			isa = PBXGroup;
			children = (
				53AC18BA14AF70DE007D4625 /* AkeomeApp-Info.plist */,
				53AC18BB14AF70DE007D4625 /* InfoPlist.strings */,
				53AC18BE14AF70DE007D4625 /* main.m */,
				53AC18C014AF70DE007D4625 /* AkeomeApp-Prefix.pch */,
			);
			name = "Supporting Files";
			sourceTree = "<group>";
		};
		53AC18D914AF70DE007D4625 /* AkeomeAppTests */ = {
			isa = PBXGroup;
			children = (
				53AC18DF14AF70DE007D4625 /* AkeomeAppTests.h */,
				53AC18E014AF70DE007D4625 /* AkeomeAppTests.m */,
				53AC18DA14AF70DE007D4625 /* Supporting Files */,
			);
			path = AkeomeAppTests;
			sourceTree = "<group>";
		};
		53AC18DA14AF70DE007D4625 /* Supporting Files */ = {
			isa = PBXGroup;
			children = (
				53AC18DB14AF70DE007D4625 /* AkeomeAppTests-Info.plist */,
				53AC18DC14AF70DE007D4625 /* InfoPlist.strings */,
			);
			name = "Supporting Files";
			sourceTree = "<group>";
		};
/* End PBXGroup section */

/* Begin PBXNativeTarget section */
		53AC18AD14AF70DE007D4625 /* AkeomeApp */ = {
			isa = PBXNativeTarget;
			buildConfigurationList = 53AC18E414AF70DE007D4625 /* Build configuration list for PBXNativeTarget "AkeomeApp" */;
			buildPhases = (
				53AC18AA14AF70DE007D4625 /* Sources */,
				53AC18AB14AF70DE007D4625 /* Frameworks */,
				53AC18AC14AF70DE007D4625 /* Resources */,
			);
			buildRules = (
			);
			dependencies = (
			);
			name = AkeomeApp;
			productName = AkeomeApp;
			productReference = 53AC18AE14AF70DE007D4625 /* AkeomeApp.app */;
			productType = "com.apple.product-type.application";
		};
		53AC18D114AF70DE007D4625 /* AkeomeAppTests */ = {
			isa = PBXNativeTarget;
			buildConfigurationList = 53AC18E714AF70DE007D4625 /* Build configuration list for PBXNativeTarget "AkeomeAppTests" */;
			buildPhases = (
				53AC18CD14AF70DE007D4625 /* Sources */,
				53AC18CE14AF70DE007D4625 /* Frameworks */,
				53AC18CF14AF70DE007D4625 /* Resources */,
				53AC18D014AF70DE007D4625 /* ShellScript */,
			);
			buildRules = (
			);
			dependencies = (
				53AC18D814AF70DE007D4625 /* PBXTargetDependency */,
			);
			name = AkeomeAppTests;
			productName = AkeomeAppTests;
			productReference = 53AC18D214AF70DE007D4625 /* AkeomeAppTests.octest */;
			productType = "com.apple.product-type.bundle";
		};
/* End PBXNativeTarget section */

/* Begin PBXProject section */
		53AC18A514AF70DE007D4625 /* Project object */ = {
			isa = PBXProject;
			attributes = {
				LastUpgradeCheck = 0420;
			};
			buildConfigurationList = 53AC18A814AF70DE007D4625 /* Build configuration list for PBXProject "AkeomeApp" */;
			compatibilityVersion = "Xcode 3.2";
			developmentRegion = English;
			hasScannedForEncodings = 0;
			knownRegions = (
				en,
			);
			mainGroup = 53AC18A314AF70DE007D4625;
			productRefGroup = 53AC18AF14AF70DE007D4625 /* Products */;
			projectDirPath = "";
			projectRoot = "";
			targets = (
				53AC18AD14AF70DE007D4625 /* AkeomeApp */,
				53AC18D114AF70DE007D4625 /* AkeomeAppTests */,
			);
		};
/* End PBXProject section */

/* Begin PBXResourcesBuildPhase section */
		53AC18AC14AF70DE007D4625 /* Resources */ = {
			isa = PBXResourcesBuildPhase;
			buildActionMask = 2147483647;
			files = (
				53AC18BD14AF70DE007D4625 /* InfoPlist.strings in Resources */,
				53AC18C614AF70DE007D4625 /* MainStoryboard_iPhone.storyboard in Resources */,
				53AC18C914AF70DE007D4625 /* MainStoryboard_iPad.storyboard in Resources */,
			);
			runOnlyForDeploymentPostprocessing = 0;
		};
		53AC18CF14AF70DE007D4625 /* Resources */ = {
			isa = PBXResourcesBuildPhase;
			buildActionMask = 2147483647;
			files = (
				53AC18DE14AF70DE007D4625 /* InfoPlist.strings in Resources */,
			);
			runOnlyForDeploymentPostprocessing = 0;
		};
/* End PBXResourcesBuildPhase section */

/* Begin PBXShellScriptBuildPhase section */
		53AC18D014AF70DE007D4625 /* ShellScript */ = {
			isa = PBXShellScriptBuildPhase;
			buildActionMask = 2147483647;
			files = (
			);
			inputPaths = (
			);
			outputPaths = (
			);
			runOnlyForDeploymentPostprocessing = 0;
			shellPath = /bin/sh;
			shellScript = "# Run the unit tests in this test bundle.\n\"${SYSTEM_DEVELOPER_DIR}/Tools/RunUnitTests\"\n";
		};
/* End PBXShellScriptBuildPhase section */

/* Begin PBXSourcesBuildPhase section */
		53AC18AA14AF70DE007D4625 /* Sources */ = {
			isa = PBXSourcesBuildPhase;
			buildActionMask = 2147483647;
			files = (
				53AC18BF14AF70DE007D4625 /* main.m in Sources */,
				53AC18C314AF70DE007D4625 /* AKOMEAppDelegate.m in Sources */,
				53AC18CC14AF70DE007D4625 /* AKOMEViewController.m in Sources */,
				53AC18EC14AF7D9F007D4625 /* AKOMEView.m in Sources */,
			);
			runOnlyForDeploymentPostprocessing = 0;
		};
		53AC18CD14AF70DE007D4625 /* Sources */ = {
			isa = PBXSourcesBuildPhase;
			buildActionMask = 2147483647;
			files = (
				53AC18E114AF70DE007D4625 /* AkeomeAppTests.m in Sources */,
			);
			runOnlyForDeploymentPostprocessing = 0;
		};
/* End PBXSourcesBuildPhase section */

/* Begin PBXTargetDependency section */
		53AC18D814AF70DE007D4625 /* PBXTargetDependency */ = {
			isa = PBXTargetDependency;
			target = 53AC18AD14AF70DE007D4625 /* AkeomeApp */;
			targetProxy = 53AC18D714AF70DE007D4625 /* PBXContainerItemProxy */;
		};
/* End PBXTargetDependency section */

/* Begin PBXVariantGroup section */
		53AC18BB14AF70DE007D4625 /* InfoPlist.strings */ = {
			isa = PBXVariantGroup;
			children = (
				53AC18BC14AF70DE007D4625 /* en */,
			);
			name = InfoPlist.strings;
			sourceTree = "<group>";
		};
		53AC18C414AF70DE007D4625 /* MainStoryboard_iPhone.storyboard */ = {
			isa = PBXVariantGroup;
			children = (
				53AC18C514AF70DE007D4625 /* en */,
			);
			name = MainStoryboard_iPhone.storyboard;
			sourceTree = "<group>";
		};
		53AC18C714AF70DE007D4625 /* MainStoryboard_iPad.storyboard */ = {
			isa = PBXVariantGroup;
			children = (
				53AC18C814AF70DE007D4625 /* en */,
			);
			name = MainStoryboard_iPad.storyboard;
			sourceTree = "<group>";
		};
		53AC18DC14AF70DE007D4625 /* InfoPlist.strings */ = {
			isa = PBXVariantGroup;
			children = (
				53AC18DD14AF70DE007D4625 /* en */,
			);
			name = InfoPlist.strings;
			sourceTree = "<group>";
		};
/* End PBXVariantGroup section */

/* Begin XCBuildConfiguration section */
		53AC18E214AF70DE007D4625 /* Debug */ = {
			isa = XCBuildConfiguration;
			buildSettings = {
				ALWAYS_SEARCH_USER_PATHS = NO;
				ARCHS = "$(ARCHS_STANDARD_32_BIT)";
				CLANG_ENABLE_OBJC_ARC = YES;
				"CODE_SIGN_IDENTITY[sdk=iphoneos*]" = "iPhone Developer";
				COPY_PHASE_STRIP = NO;
				GCC_C_LANGUAGE_STANDARD = gnu99;
				GCC_DYNAMIC_NO_PIC = NO;
				GCC_OPTIMIZATION_LEVEL = 0;
				GCC_PREPROCESSOR_DEFINITIONS = (
					"DEBUG=1",
					"$(inherited)",
				);
				GCC_SYMBOLS_PRIVATE_EXTERN = NO;
				GCC_VERSION = com.apple.compilers.llvm.clang.1_0;
				GCC_WARN_ABOUT_MISSING_PROTOTYPES = YES;
				GCC_WARN_ABOUT_RETURN_TYPE = YES;
				GCC_WARN_UNUSED_VARIABLE = YES;
				IPHONEOS_DEPLOYMENT_TARGET = 5.0;
				SDKROOT = iphoneos;
				TARGETED_DEVICE_FAMILY = "1,2";
			};
			name = Debug;
		};
		53AC18E314AF70DE007D4625 /* Release */ = {
			isa = XCBuildConfiguration;
			buildSettings = {
				ALWAYS_SEARCH_USER_PATHS = NO;
				ARCHS = "$(ARCHS_STANDARD_32_BIT)";
				CLANG_ENABLE_OBJC_ARC = YES;
				"CODE_SIGN_IDENTITY[sdk=iphoneos*]" = "iPhone Developer";
				COPY_PHASE_STRIP = YES;
				GCC_C_LANGUAGE_STANDARD = gnu99;
				GCC_VERSION = com.apple.compilers.llvm.clang.1_0;
				GCC_WARN_ABOUT_MISSING_PROTOTYPES = YES;
				GCC_WARN_ABOUT_RETURN_TYPE = YES;
				GCC_WARN_UNUSED_VARIABLE = YES;
				IPHONEOS_DEPLOYMENT_TARGET = 5.0;
				OTHER_CFLAGS = "-DNS_BLOCK_ASSERTIONS=1";
				SDKROOT = iphoneos;
				TARGETED_DEVICE_FAMILY = "1,2";
				VALIDATE_PRODUCT = YES;
			};
			name = Release;
		};
		53AC18E514AF70DE007D4625 /* Debug */ = {
			isa = XCBuildConfiguration;
			buildSettings = {
				GCC_PRECOMPILE_PREFIX_HEADER = YES;
				GCC_PREFIX_HEADER = "AkeomeApp/AkeomeApp-Prefix.pch";
				INFOPLIST_FILE = "AkeomeApp/AkeomeApp-Info.plist";
				PRODUCT_NAME = "$(TARGET_NAME)";
				WRAPPER_EXTENSION = app;
			};
			name = Debug;
		};
		53AC18E614AF70DE007D4625 /* Release */ = {
			isa = XCBuildConfiguration;
			buildSettings = {
				GCC_PRECOMPILE_PREFIX_HEADER = YES;
				GCC_PREFIX_HEADER = "AkeomeApp/AkeomeApp-Prefix.pch";
				INFOPLIST_FILE = "AkeomeApp/AkeomeApp-Info.plist";
				PRODUCT_NAME = "$(TARGET_NAME)";
				WRAPPER_EXTENSION = app;
			};
			name = Release;
		};
		53AC18E814AF70DE007D4625 /* Debug */ = {
			isa = XCBuildConfiguration;
			buildSettings = {
				BUNDLE_LOADER = "$(BUILT_PRODUCTS_DIR)/AkeomeApp.app/AkeomeApp";
				FRAMEWORK_SEARCH_PATHS = (
					"$(SDKROOT)/Developer/Library/Frameworks",
					"$(DEVELOPER_LIBRARY_DIR)/Frameworks",
				);
				GCC_PRECOMPILE_PREFIX_HEADER = YES;
				GCC_PREFIX_HEADER = "AkeomeApp/AkeomeApp-Prefix.pch";
				INFOPLIST_FILE = "AkeomeAppTests/AkeomeAppTests-Info.plist";
				PRODUCT_NAME = "$(TARGET_NAME)";
				TEST_HOST = "$(BUNDLE_LOADER)";
				WRAPPER_EXTENSION = octest;
			};
			name = Debug;
		};
		53AC18E914AF70DE007D4625 /* Release */ = {
			isa = XCBuildConfiguration;
			buildSettings = {
				BUNDLE_LOADER = "$(BUILT_PRODUCTS_DIR)/AkeomeApp.app/AkeomeApp";
				FRAMEWORK_SEARCH_PATHS = (
					"$(SDKROOT)/Developer/Library/Frameworks",
					"$(DEVELOPER_LIBRARY_DIR)/Frameworks",
				);
				GCC_PRECOMPILE_PREFIX_HEADER = YES;
				GCC_PREFIX_HEADER = "AkeomeApp/AkeomeApp-Prefix.pch";
				INFOPLIST_FILE = "AkeomeAppTests/AkeomeAppTests-Info.plist";
				PRODUCT_NAME = "$(TARGET_NAME)";
				TEST_HOST = "$(BUNDLE_LOADER)";
				WRAPPER_EXTENSION = octest;
			};
			name = Release;
		};
/* End XCBuildConfiguration section */

/* Begin XCConfigurationList section */
		53AC18A814AF70DE007D4625 /* Build configuration list for PBXProject "AkeomeApp" */ = {
			isa = XCConfigurationList;
			buildConfigurations = (
				53AC18E214AF70DE007D4625 /* Debug */,
				53AC18E314AF70DE007D4625 /* Release */,
			);
			defaultConfigurationIsVisible = 0;
			defaultConfigurationName = Release;
		};
		53AC18E414AF70DE007D4625 /* Build configuration list for PBXNativeTarget "AkeomeApp" */ = {
			isa = XCConfigurationList;
			buildConfigurations = (
				53AC18E514AF70DE007D4625 /* Debug */,
				53AC18E614AF70DE007D4625 /* Release */,
			);
			defaultConfigurationIsVisible = 0;
		};
		53AC18E714AF70DE007D4625 /* Build configuration list for PBXNativeTarget "AkeomeAppTests" */ = {
			isa = XCConfigurationList;
			buildConfigurations = (
				53AC18E814AF70DE007D4625 /* Debug */,
				53AC18E914AF70DE007D4625 /* Release */,
			);
			defaultConfigurationIsVisible = 0;
		};
/* End XCConfigurationList section */
	};
	rootObject = 53AC18A514AF70DE007D4625 /* Project object */;
}
